
Microsoft Visual Studio Solution File, Format Version 12.00
# Visual Studio Version 17
VisualStudioVersion = 17.10.34916.146
MinimumVisualStudioVersion = 10.0.40219.1
Project("{9A19103F-16F7-4668-BE54-9A1E7A4F7556}") = "Central National Patient Registry database", "..\source\repos\Central National Patient Registry database\Central National Patient Registry database.csproj", "{D15EB099-9284-494D-B090-BA767F49C0E8}"
EndProject
Global
	GlobalSection(SolutionConfigurationPlatforms) = preSolution
		Debug|Any CPU = Debug|Any CPU
		Release|Any CPU = Release|Any CPU
	EndGlobalSection
	GlobalSection(ProjectConfigurationPlatforms) = postSolution
		{D15EB099-9284-494D-B090-BA767F49C0E8}.Debug|Any CPU.ActiveCfg = Debug|Any CPU
		{D15EB099-9284-494D-B090-BA767F49C0E8}.Debug|Any CPU.Build.0 = Debug|Any CPU
		{D15EB099-9284-494D-B090-BA767F49C0E8}.Release|Any CPU.ActiveCfg = Release|Any CPU
		{D15EB099-9284-494D-B090-BA767F49C0E8}.Release|Any CPU.Build.0 = Release|Any CPU
	EndGlobalSection
	GlobalSection(SolutionProperties) = preSolution
		HideSolutionNode = FALSE
	EndGlobalSection
	GlobalSection(ExtensibilityGlobals) = postSolution
		SolutionGuid = {6B4E12F7-6686-40CA-9677-A39F0516CE18}
	EndGlobalSection
EndGlobal
